
Microsoft Visual Studio Solution File, Format Version 12.00
# Visual Studio Version 17
VisualStudioVersion = 17.8.34316.72
MinimumVisualStudioVersion = 10.0.40219.1
Project("{FAE04EC0-301F-11D3-BF4B-00C04F79EFBC}") = "StudentApplication_ASPWEBAPI", "StudentApplication_ASPWEBAPI.csproj", "{D80E0A30-EA81-4279-8B8F-1DB8BFA9CBC9}"
EndProject
Global
	GlobalSection(SolutionConfigurationPlatforms) = preSolution
		Debug|Any CPU = Debug|Any CPU
		Release|Any CPU = Release|Any CPU
	EndGlobalSection
	GlobalSection(ProjectConfigurationPlatforms) = postSolution
		{D80E0A30-EA81-4279-8B8F-1DB8BFA9CBC9}.Debug|Any CPU.ActiveCfg = Debug|Any CPU
		{D80E0A30-EA81-4279-8B8F-1DB8BFA9CBC9}.Debug|Any CPU.Build.0 = Debug|Any CPU
		{D80E0A30-EA81-4279-8B8F-1DB8BFA9CBC9}.Release|Any CPU.ActiveCfg = Release|Any CPU
		{D80E0A30-EA81-4279-8B8F-1DB8BFA9CBC9}.Release|Any CPU.Build.0 = Release|Any CPU
	EndGlobalSection
	GlobalSection(SolutionProperties) = preSolution
		HideSolutionNode = FALSE
	EndGlobalSection
	GlobalSection(ExtensibilityGlobals) = postSolution
		SolutionGuid = {A94DE678-9C5E-452E-A5D3-5BFC3504FD58}
	EndGlobalSection
EndGlobal
